
Microsoft Visual Studio Solution File, Format Version 12.00
# Visual Studio 14
VisualStudioVersion = 14.0.25420.1
MinimumVisualStudioVersion = 10.0.40219.1
Project("{FAE04EC0-301F-11D3-BF4B-00C04F79EFBC}") = "TresCanchas.Droid", "TresCanchas\TresCanchas.Droid\TresCanchas.Droid.csproj", "{0E04E170-32A5-4880-8C9C-0855D7E06D24}"
EndProject
Project("{FAE04EC0-301F-11D3-BF4B-00C04F79EFBC}") = "TresCanchas.iOS", "TresCanchas\TresCanchas.iOS\TresCanchas.iOS.csproj", "{C924D097-76C9-43FA-90E8-F2E48EF8DB11}"
EndProject
Project("{FAE04EC0-301F-11D3-BF4B-00C04F79EFBC}") = "TresCanchas.WinPhone", "TresCanchas\TresCanchas.WinPhone\TresCanchas.WinPhone.csproj", "{748D903C-8BD5-4D67-9498-28F912B6E903}"
EndProject
Project("{FAE04EC0-301F-11D3-BF4B-00C04F79EFBC}") = "TresCanchas.UWP", "TresCanchas\TresCanchas.UWP\TresCanchas.UWP.csproj", "{1218DB74-356A-4786-98E4-829FBD752728}"
EndProject
Project("{FAE04EC0-301F-11D3-BF4B-00C04F79EFBC}") = "TresCanchas.Windows", "TresCanchas\TresCanchas.Windows\TresCanchas.Windows.csproj", "{FF20B6CD-76C5-4D14-A5DA-C1BC68F9E724}"
EndProject
Project("{FAE04EC0-301F-11D3-BF4B-00C04F79EFBC}") = "TresCanchas", "TresCanchas\TresCanchas\TresCanchas.csproj", "{0DD0C9BF-0733-405C-8E6B-B6C37E833044}"
EndProject
Global
	GlobalSection(SolutionConfigurationPlatforms) = preSolution
		Ad-Hoc|Any CPU = Ad-Hoc|Any CPU
		Ad-Hoc|ARM = Ad-Hoc|ARM
		Ad-Hoc|iPhone = Ad-Hoc|iPhone
		Ad-Hoc|iPhoneSimulator = Ad-Hoc|iPhoneSimulator
		Ad-Hoc|x64 = Ad-Hoc|x64
		Ad-Hoc|x86 = Ad-Hoc|x86
		AppStore|Any CPU = AppStore|Any CPU
		AppStore|ARM = AppStore|ARM
		AppStore|iPhone = AppStore|iPhone
		AppStore|iPhoneSimulator = AppStore|iPhoneSimulator
		AppStore|x64 = AppStore|x64
		AppStore|x86 = AppStore|x86
		Debug|Any CPU = Debug|Any CPU
		Debug|ARM = Debug|ARM
		Debug|iPhone = Debug|iPhone
		Debug|iPhoneSimulator = Debug|iPhoneSimulator
		Debug|x64 = Debug|x64
		Debug|x86 = Debug|x86
		Release|Any CPU = Release|Any CPU
		Release|ARM = Release|ARM
		Release|iPhone = Release|iPhone
		Release|iPhoneSimulator = Release|iPhoneSimulator
		Release|x64 = Release|x64
		Release|x86 = Release|x86
	EndGlobalSection
	GlobalSection(ProjectConfigurationPlatforms) = postSolution
		{0E04E170-32A5-4880-8C9C-0855D7E06D24}.Ad-Hoc|Any CPU.ActiveCfg = Release|Any CPU
		{0E04E170-32A5-4880-8C9C-0855D7E06D24}.Ad-Hoc|Any CPU.Build.0 = Release|Any CPU
		{0E04E170-32A5-4880-8C9C-0855D7E06D24}.Ad-Hoc|Any CPU.Deploy.0 = Release|Any CPU
		{0E04E170-32A5-4880-8C9C-0855D7E06D24}.Ad-Hoc|ARM.ActiveCfg = Release|Any CPU
		{0E04E170-32A5-4880-8C9C-0855D7E06D24}.Ad-Hoc|ARM.Build.0 = Release|Any CPU
		{0E04E170-32A5-4880-8C9C-0855D7E06D24}.Ad-Hoc|ARM.Deploy.0 = Release|Any CPU
		{0E04E170-32A5-4880-8C9C-0855D7E06D24}.Ad-Hoc|iPhone.ActiveCfg = Release|Any CPU
		{0E04E170-32A5-4880-8C9C-0855D7E06D24}.Ad-Hoc|iPhone.Build.0 = Release|Any CPU
		{0E04E170-32A5-4880-8C9C-0855D7E06D24}.Ad-Hoc|iPhone.Deploy.0 = Release|Any CPU
		{0E04E170-32A5-4880-8C9C-0855D7E06D24}.Ad-Hoc|iPhoneSimulator.ActiveCfg = Release|Any CPU
		{0E04E170-32A5-4880-8C9C-0855D7E06D24}.Ad-Hoc|iPhoneSimulator.Build.0 = Release|Any CPU
		{0E04E170-32A5-4880-8C9C-0855D7E06D24}.Ad-Hoc|iPhoneSimulator.Deploy.0 = Release|Any CPU
		{0E04E170-32A5-4880-8C9C-0855D7E06D24}.Ad-Hoc|x64.ActiveCfg = Release|Any CPU
		{0E04E170-32A5-4880-8C9C-0855D7E06D24}.Ad-Hoc|x64.Build.0 = Release|Any CPU
		{0E04E170-32A5-4880-8C9C-0855D7E06D24}.Ad-Hoc|x64.Deploy.0 = Release|Any CPU
		{0E04E170-32A5-4880-8C9C-0855D7E06D24}.Ad-Hoc|x86.ActiveCfg = Release|Any CPU
		{0E04E170-32A5-4880-8C9C-0855D7E06D24}.Ad-Hoc|x86.Build.0 = Release|Any CPU
		{0E04E170-32A5-4880-8C9C-0855D7E06D24}.Ad-Hoc|x86.Deploy.0 = Release|Any CPU
		{0E04E170-32A5-4880-8C9C-0855D7E06D24}.AppStore|Any CPU.ActiveCfg = Release|Any CPU
		{0E04E170-32A5-4880-8C9C-0855D7E06D24}.AppStore|Any CPU.Build.0 = Release|Any CPU
		{0E04E170-32A5-4880-8C9C-0855D7E06D24}.AppStore|Any CPU.Deploy.0 = Release|Any CPU
		{0E04E170-32A5-4880-8C9C-0855D7E06D24}.AppStore|ARM.ActiveCfg = Release|Any CPU
		{0E04E170-32A5-4880-8C9C-0855D7E06D24}.AppStore|ARM.Build.0 = Release|Any CPU
		{0E04E170-32A5-4880-8C9C-0855D7E06D24}.AppStore|ARM.Deploy.0 = Release|Any CPU
		{0E04E170-32A5-4880-8C9C-0855D7E06D24}.AppStore|iPhone.ActiveCfg = Release|Any CPU
		{0E04E170-32A5-4880-8C9C-0855D7E06D24}.AppStore|iPhone.Build.0 = Release|Any CPU
		{0E04E170-32A5-4880-8C9C-0855D7E06D24}.AppStore|iPhone.Deploy.0 = Release|Any CPU
		{0E04E170-32A5-4880-8C9C-0855D7E06D24}.AppStore|iPhoneSimulator.ActiveCfg = Release|Any CPU
		{0E04E170-32A5-4880-8C9C-0855D7E06D24}.AppStore|iPhoneSimulator.Build.0 = Release|Any CPU
		{0E04E170-32A5-4880-8C9C-0855D7E06D24}.AppStore|iPhoneSimulator.Deploy.0 = Release|Any CPU
		{0E04E170-32A5-4880-8C9C-0855D7E06D24}.AppStore|x64.ActiveCfg = Release|Any CPU
		{0E04E170-32A5-4880-8C9C-0855D7E06D24}.AppStore|x64.Build.0 = Release|Any CPU
		{0E04E170-32A5-4880-8C9C-0855D7E06D24}.AppStore|x64.Deploy.0 = Release|Any CPU
		{0E04E170-32A5-4880-8C9C-0855D7E06D24}.AppStore|x86.ActiveCfg = Release|Any CPU
		{0E04E170-32A5-4880-8C9C-0855D7E06D24}.AppStore|x86.Build.0 = Release|Any CPU
		{0E04E170-32A5-4880-8C9C-0855D7E06D24}.AppStore|x86.Deploy.0 = Release|Any CPU
		{0E04E170-32A5-4880-8C9C-0855D7E06D24}.Debug|Any CPU.ActiveCfg = Debug|Any CPU
		{0E04E170-32A5-4880-8C9C-0855D7E06D24}.Debug|Any CPU.Build.0 = Debug|Any CPU
		{0E04E170-32A5-4880-8C9C-0855D7E06D24}.Debug|Any CPU.Deploy.0 = Debug|Any CPU
		{0E04E170-32A5-4880-8C9C-0855D7E06D24}.Debug|ARM.ActiveCfg = Debug|Any CPU
		{0E04E170-32A5-4880-8C9C-0855D7E06D24}.Debug|ARM.Build.0 = Debug|Any CPU
		{0E04E170-32A5-4880-8C9C-0855D7E06D24}.Debug|ARM.Deploy.0 = Debug|Any CPU
		{0E04E170-32A5-4880-8C9C-0855D7E06D24}.Debug|iPhone.ActiveCfg = Debug|Any CPU
		{0E04E170-32A5-4880-8C9C-0855D7E06D24}.Debug|iPhone.Build.0 = Debug|Any CPU
		{0E04E170-32A5-4880-8C9C-0855D7E06D24}.Debug|iPhone.Deploy.0 = Debug|Any CPU
		{0E04E170-32A5-4880-8C9C-0855D7E06D24}.Debug|iPhoneSimulator.ActiveCfg = Debug|Any CPU
		{0E04E170-32A5-4880-8C9C-0855D7E06D24}.Debug|iPhoneSimulator.Build.0 = Debug|Any CPU
		{0E04E170-32A5-4880-8C9C-0855D7E06D24}.Debug|iPhoneSimulator.Deploy.0 = Debug|Any CPU
		{0E04E170-32A5-4880-8C9C-0855D7E06D24}.Debug|x64.ActiveCfg = Debug|Any CPU
		{0E04E170-32A5-4880-8C9C-0855D7E06D24}.Debug|x64.Build.0 = Debug|Any CPU
		{0E04E170-32A5-4880-8C9C-0855D7E06D24}.Debug|x64.Deploy.0 = Debug|Any CPU
		{0E04E170-32A5-4880-8C9C-0855D7E06D24}.Debug|x86.ActiveCfg = Debug|Any CPU
		{0E04E170-32A5-4880-8C9C-0855D7E06D24}.Debug|x86.Build.0 = Debug|Any CPU
		{0E04E170-32A5-4880-8C9C-0855D7E06D24}.Debug|x86.Deploy.0 = Debug|Any CPU
		{0E04E170-32A5-4880-8C9C-0855D7E06D24}.Release|Any CPU.ActiveCfg = Release|Any CPU
		{0E04E170-32A5-4880-8C9C-0855D7E06D24}.Release|Any CPU.Build.0 = Release|Any CPU
		{0E04E170-32A5-4880-8C9C-0855D7E06D24}.Release|Any CPU.Deploy.0 = Release|Any CPU
		{0E04E170-32A5-4880-8C9C-0855D7E06D24}.Release|ARM.ActiveCfg = Release|Any CPU
		{0E04E170-32A5-4880-8C9C-0855D7E06D24}.Release|ARM.Build.0 = Release|Any CPU
		{0E04E170-32A5-4880-8C9C-0855D7E06D24}.Release|ARM.Deploy.0 = Release|Any CPU
		{0E04E170-32A5-4880-8C9C-0855D7E06D24}.Release|iPhone.ActiveCfg = Release|Any CPU
		{0E04E170-32A5-4880-8C9C-0855D7E06D24}.Release|iPhone.Build.0 = Release|Any CPU
		{0E04E170-32A5-4880-8C9C-0855D7E06D24}.Release|iPhone.Deploy.0 = Release|Any CPU
		{0E04E170-32A5-4880-8C9C-0855D7E06D24}.Release|iPhoneSimulator.ActiveCfg = Release|Any CPU
		{0E04E170-32A5-4880-8C9C-0855D7E06D24}.Release|iPhoneSimulator.Build.0 = Release|Any CPU
		{0E04E170-32A5-4880-8C9C-0855D7E06D24}.Release|iPhoneSimulator.Deploy.0 = Release|Any CPU
		{0E04E170-32A5-4880-8C9C-0855D7E06D24}.Release|x64.ActiveCfg = Release|Any CPU
		{0E04E170-32A5-4880-8C9C-0855D7E06D24}.Release|x64.Build.0 = Release|Any CPU
		{0E04E170-32A5-4880-8C9C-0855D7E06D24}.Release|x64.Deploy.0 = Release|Any CPU
		{0E04E170-32A5-4880-8C9C-0855D7E06D24}.Release|x86.ActiveCfg = Release|Any CPU
		{0E04E170-32A5-4880-8C9C-0855D7E06D24}.Release|x86.Build.0 = Release|Any CPU
		{0E04E170-32A5-4880-8C9C-0855D7E06D24}.Release|x86.Deploy.0 = Release|Any CPU
		{C924D097-76C9-43FA-90E8-F2E48EF8DB11}.Ad-Hoc|Any CPU.ActiveCfg = Ad-Hoc|iPhone
		{C924D097-76C9-43FA-90E8-F2E48EF8DB11}.Ad-Hoc|ARM.ActiveCfg = Ad-Hoc|iPhone
		{C924D097-76C9-43FA-90E8-F2E48EF8DB11}.Ad-Hoc|iPhone.ActiveCfg = Ad-Hoc|iPhone
		{C924D097-76C9-43FA-90E8-F2E48EF8DB11}.Ad-Hoc|iPhone.Build.0 = Ad-Hoc|iPhone
		{C924D097-76C9-43FA-90E8-F2E48EF8DB11}.Ad-Hoc|iPhoneSimulator.ActiveCfg = Ad-Hoc|iPhoneSimulator
		{C924D097-76C9-43FA-90E8-F2E48EF8DB11}.Ad-Hoc|iPhoneSimulator.Build.0 = Ad-Hoc|iPhoneSimulator
		{C924D097-76C9-43FA-90E8-F2E48EF8DB11}.Ad-Hoc|x64.ActiveCfg = Ad-Hoc|iPhone
		{C924D097-76C9-43FA-90E8-F2E48EF8DB11}.Ad-Hoc|x86.ActiveCfg = Ad-Hoc|iPhone
		{C924D097-76C9-43FA-90E8-F2E48EF8DB11}.AppStore|Any CPU.ActiveCfg = AppStore|iPhone
		{C924D097-76C9-43FA-90E8-F2E48EF8DB11}.AppStore|ARM.ActiveCfg = AppStore|iPhone
		{C924D097-76C9-43FA-90E8-F2E48EF8DB11}.AppStore|iPhone.ActiveCfg = AppStore|iPhone
		{C924D097-76C9-43FA-90E8-F2E48EF8DB11}.AppStore|iPhone.Build.0 = AppStore|iPhone
		{C924D097-76C9-43FA-90E8-F2E48EF8DB11}.AppStore|iPhoneSimulator.ActiveCfg = AppStore|iPhoneSimulator
		{C924D097-76C9-43FA-90E8-F2E48EF8DB11}.AppStore|iPhoneSimulator.Build.0 = AppStore|iPhoneSimulator
		{C924D097-76C9-43FA-90E8-F2E48EF8DB11}.AppStore|x64.ActiveCfg = AppStore|iPhone
		{C924D097-76C9-43FA-90E8-F2E48EF8DB11}.AppStore|x86.ActiveCfg = AppStore|iPhone
		{C924D097-76C9-43FA-90E8-F2E48EF8DB11}.Debug|Any CPU.ActiveCfg = Debug|iPhone
		{C924D097-76C9-43FA-90E8-F2E48EF8DB11}.Debug|ARM.ActiveCfg = Debug|iPhone
		{C924D097-76C9-43FA-90E8-F2E48EF8DB11}.Debug|iPhone.ActiveCfg = Debug|iPhone
		{C924D097-76C9-43FA-90E8-F2E48EF8DB11}.Debug|iPhone.Build.0 = Debug|iPhone
		{C924D097-76C9-43FA-90E8-F2E48EF8DB11}.Debug|iPhoneSimulator.ActiveCfg = Debug|iPhoneSimulator
		{C924D097-76C9-43FA-90E8-F2E48EF8DB11}.Debug|iPhoneSimulator.Build.0 = Debug|iPhoneSimulator
		{C924D097-76C9-43FA-90E8-F2E48EF8DB11}.Debug|x64.ActiveCfg = Debug|iPhone
		{C924D097-76C9-43FA-90E8-F2E48EF8DB11}.Debug|x86.ActiveCfg = Debug|iPhone
		{C924D097-76C9-43FA-90E8-F2E48EF8DB11}.Release|Any CPU.ActiveCfg = Release|iPhone
		{C924D097-76C9-43FA-90E8-F2E48EF8DB11}.Release|ARM.ActiveCfg = Release|iPhone
		{C924D097-76C9-43FA-90E8-F2E48EF8DB11}.Release|iPhone.ActiveCfg = Release|iPhone
		{C924D097-76C9-43FA-90E8-F2E48EF8DB11}.Release|iPhone.Build.0 = Release|iPhone
		{C924D097-76C9-43FA-90E8-F2E48EF8DB11}.Release|iPhoneSimulator.ActiveCfg = Release|iPhoneSimulator
		{C924D097-76C9-43FA-90E8-F2E48EF8DB11}.Release|iPhoneSimulator.Build.0 = Release|iPhoneSimulator
		{C924D097-76C9-43FA-90E8-F2E48EF8DB11}.Release|x64.ActiveCfg = Release|iPhone
		{C924D097-76C9-43FA-90E8-F2E48EF8DB11}.Release|x86.ActiveCfg = Release|iPhone
		{748D903C-8BD5-4D67-9498-28F912B6E903}.Ad-Hoc|Any CPU.ActiveCfg = Release|Any CPU
		{748D903C-8BD5-4D67-9498-28F912B6E903}.Ad-Hoc|Any CPU.Build.0 = Release|Any CPU
		{748D903C-8BD5-4D67-9498-28F912B6E903}.Ad-Hoc|Any CPU.Deploy.0 = Release|Any CPU
		{748D903C-8BD5-4D67-9498-28F912B6E903}.Ad-Hoc|ARM.ActiveCfg = Release|ARM
		{748D903C-8BD5-4D67-9498-28F912B6E903}.Ad-Hoc|ARM.Build.0 = Release|ARM
		{748D903C-8BD5-4D67-9498-28F912B6E903}.Ad-Hoc|ARM.Deploy.0 = Release|ARM
		{748D903C-8BD5-4D67-9498-28F912B6E903}.Ad-Hoc|iPhone.ActiveCfg = Release|Any CPU
		{748D903C-8BD5-4D67-9498-28F912B6E903}.Ad-Hoc|iPhone.Build.0 = Release|Any CPU
		{748D903C-8BD5-4D67-9498-28F912B6E903}.Ad-Hoc|iPhone.Deploy.0 = Release|Any CPU
		{748D903C-8BD5-4D67-9498-28F912B6E903}.Ad-Hoc|iPhoneSimulator.ActiveCfg = Release|Any CPU
		{748D903C-8BD5-4D67-9498-28F912B6E903}.Ad-Hoc|iPhoneSimulator.Build.0 = Release|Any CPU
		{748D903C-8BD5-4D67-9498-28F912B6E903}.Ad-Hoc|iPhoneSimulator.Deploy.0 = Release|Any CPU
		{748D903C-8BD5-4D67-9498-28F912B6E903}.Ad-Hoc|x64.ActiveCfg = Release|Any CPU
		{748D903C-8BD5-4D67-9498-28F912B6E903}.Ad-Hoc|x64.Build.0 = Release|Any CPU
		{748D903C-8BD5-4D67-9498-28F912B6E903}.Ad-Hoc|x64.Deploy.0 = Release|Any CPU
		{748D903C-8BD5-4D67-9498-28F912B6E903}.Ad-Hoc|x86.ActiveCfg = Release|x86
		{748D903C-8BD5-4D67-9498-28F912B6E903}.Ad-Hoc|x86.Build.0 = Release|x86
		{748D903C-8BD5-4D67-9498-28F912B6E903}.Ad-Hoc|x86.Deploy.0 = Release|x86
		{748D903C-8BD5-4D67-9498-28F912B6E903}.AppStore|Any CPU.ActiveCfg = Release|Any CPU
		{748D903C-8BD5-4D67-9498-28F912B6E903}.AppStore|Any CPU.Build.0 = Release|Any CPU
		{748D903C-8BD5-4D67-9498-28F912B6E903}.AppStore|Any CPU.Deploy.0 = Release|Any CPU
		{748D903C-8BD5-4D67-9498-28F912B6E903}.AppStore|ARM.ActiveCfg = Release|ARM
		{748D903C-8BD5-4D67-9498-28F912B6E903}.AppStore|ARM.Build.0 = Release|ARM
		{748D903C-8BD5-4D67-9498-28F912B6E903}.AppStore|ARM.Deploy.0 = Release|ARM
		{748D903C-8BD5-4D67-9498-28F912B6E903}.AppStore|iPhone.ActiveCfg = Release|Any CPU
		{748D903C-8BD5-4D67-9498-28F912B6E903}.AppStore|iPhone.Build.0 = Release|Any CPU
		{748D903C-8BD5-4D67-9498-28F912B6E903}.AppStore|iPhone.Deploy.0 = Release|Any CPU
		{748D903C-8BD5-4D67-9498-28F912B6E903}.AppStore|iPhoneSimulator.ActiveCfg = Release|Any CPU
		{748D903C-8BD5-4D67-9498-28F912B6E903}.AppStore|iPhoneSimulator.Build.0 = Release|Any CPU
		{748D903C-8BD5-4D67-9498-28F912B6E903}.AppStore|iPhoneSimulator.Deploy.0 = Release|Any CPU
		{748D903C-8BD5-4D67-9498-28F912B6E903}.AppStore|x64.ActiveCfg = Release|Any CPU
		{748D903C-8BD5-4D67-9498-28F912B6E903}.AppStore|x64.Build.0 = Release|Any CPU
		{748D903C-8BD5-4D67-9498-28F912B6E903}.AppStore|x64.Deploy.0 = Release|Any CPU
		{748D903C-8BD5-4D67-9498-28F912B6E903}.AppStore|x86.ActiveCfg = Release|x86
		{748D903C-8BD5-4D67-9498-28F912B6E903}.AppStore|x86.Build.0 = Release|x86
		{748D903C-8BD5-4D67-9498-28F912B6E903}.AppStore|x86.Deploy.0 = Release|x86
		{748D903C-8BD5-4D67-9498-28F912B6E903}.Debug|Any CPU.ActiveCfg = Debug|Any CPU
		{748D903C-8BD5-4D67-9498-28F912B6E903}.Debug|Any CPU.Build.0 = Debug|Any CPU
		{748D903C-8BD5-4D67-9498-28F912B6E903}.Debug|Any CPU.Deploy.0 = Debug|Any CPU
		{748D903C-8BD5-4D67-9498-28F912B6E903}.Debug|ARM.ActiveCfg = Debug|ARM
		{748D903C-8BD5-4D67-9498-28F912B6E903}.Debug|ARM.Build.0 = Debug|ARM
		{748D903C-8BD5-4D67-9498-28F912B6E903}.Debug|ARM.Deploy.0 = Debug|ARM
		{748D903C-8BD5-4D67-9498-28F912B6E903}.Debug|iPhone.ActiveCfg = Debug|Any CPU
		{748D903C-8BD5-4D67-9498-28F912B6E903}.Debug|iPhone.Build.0 = Debug|Any CPU
		{748D903C-8BD5-4D67-9498-28F912B6E903}.Debug|iPhone.Deploy.0 = Debug|Any CPU
		{748D903C-8BD5-4D67-9498-28F912B6E903}.Debug|iPhoneSimulator.ActiveCfg = Debug|Any CPU
		{748D903C-8BD5-4D67-9498-28F912B6E903}.Debug|iPhoneSimulator.Build.0 = Debug|Any CPU
		{748D903C-8BD5-4D67-9498-28F912B6E903}.Debug|iPhoneSimulator.Deploy.0 = Debug|Any CPU
		{748D903C-8BD5-4D67-9498-28F912B6E903}.Debug|x64.ActiveCfg = Debug|Any CPU
		{748D903C-8BD5-4D67-9498-28F912B6E903}.Debug|x64.Build.0 = Debug|Any CPU
		{748D903C-8BD5-4D67-9498-28F912B6E903}.Debug|x64.Deploy.0 = Debug|Any CPU
		{748D903C-8BD5-4D67-9498-28F912B6E903}.Debug|x86.ActiveCfg = Debug|x86
		{748D903C-8BD5-4D67-9498-28F912B6E903}.Debug|x86.Build.0 = Debug|x86
		{748D903C-8BD5-4D67-9498-28F912B6E903}.Debug|x86.Deploy.0 = Debug|x86
		{748D903C-8BD5-4D67-9498-28F912B6E903}.Release|Any CPU.ActiveCfg = Release|Any CPU
		{748D903C-8BD5-4D67-9498-28F912B6E903}.Release|Any CPU.Build.0 = Release|Any CPU
		{748D903C-8BD5-4D67-9498-28F912B6E903}.Release|Any CPU.Deploy.0 = Release|Any CPU
		{748D903C-8BD5-4D67-9498-28F912B6E903}.Release|ARM.ActiveCfg = Release|ARM
		{748D903C-8BD5-4D67-9498-28F912B6E903}.Release|ARM.Build.0 = Release|ARM
		{748D903C-8BD5-4D67-9498-28F912B6E903}.Release|ARM.Deploy.0 = Release|ARM
		{748D903C-8BD5-4D67-9498-28F912B6E903}.Release|iPhone.ActiveCfg = Release|Any CPU
		{748D903C-8BD5-4D67-9498-28F912B6E903}.Release|iPhone.Build.0 = Release|Any CPU
		{748D903C-8BD5-4D67-9498-28F912B6E903}.Release|iPhone.Deploy.0 = Release|Any CPU
		{748D903C-8BD5-4D67-9498-28F912B6E903}.Release|iPhoneSimulator.ActiveCfg = Release|Any CPU
		{748D903C-8BD5-4D67-9498-28F912B6E903}.Release|iPhoneSimulator.Build.0 = Release|Any CPU
		{748D903C-8BD5-4D67-9498-28F912B6E903}.Release|iPhoneSimulator.Deploy.0 = Release|Any CPU
		{748D903C-8BD5-4D67-9498-28F912B6E903}.Release|x64.ActiveCfg = Release|Any CPU
		{748D903C-8BD5-4D67-9498-28F912B6E903}.Release|x64.Build.0 = Release|Any CPU
		{748D903C-8BD5-4D67-9498-28F912B6E903}.Release|x64.Deploy.0 = Release|Any CPU
		{748D903C-8BD5-4D67-9498-28F912B6E903}.Release|x86.ActiveCfg = Release|x86
		{748D903C-8BD5-4D67-9498-28F912B6E903}.Release|x86.Build.0 = Release|x86
		{748D903C-8BD5-4D67-9498-28F912B6E903}.Release|x86.Deploy.0 = Release|x86
		{1218DB74-356A-4786-98E4-829FBD752728}.Ad-Hoc|Any CPU.ActiveCfg = Release|x86
		{1218DB74-356A-4786-98E4-829FBD752728}.Ad-Hoc|Any CPU.Build.0 = Release|x86
		{1218DB74-356A-4786-98E4-829FBD752728}.Ad-Hoc|Any CPU.Deploy.0 = Release|x86
		{1218DB74-356A-4786-98E4-829FBD752728}.Ad-Hoc|ARM.ActiveCfg = Release|ARM
		{1218DB74-356A-4786-98E4-829FBD752728}.Ad-Hoc|ARM.Build.0 = Release|ARM
		{1218DB74-356A-4786-98E4-829FBD752728}.Ad-Hoc|ARM.Deploy.0 = Release|ARM
		{1218DB74-356A-4786-98E4-829FBD752728}.Ad-Hoc|iPhone.ActiveCfg = Release|x86
		{1218DB74-356A-4786-98E4-829FBD752728}.Ad-Hoc|iPhone.Build.0 = Release|x86
		{1218DB74-356A-4786-98E4-829FBD752728}.Ad-Hoc|iPhone.Deploy.0 = Release|x86
		{1218DB74-356A-4786-98E4-829FBD752728}.Ad-Hoc|iPhoneSimulator.ActiveCfg = Release|x86
		{1218DB74-356A-4786-98E4-829FBD752728}.Ad-Hoc|iPhoneSimulator.Build.0 = Release|x86
		{1218DB74-356A-4786-98E4-829FBD752728}.Ad-Hoc|iPhoneSimulator.Deploy.0 = Release|x86
		{1218DB74-356A-4786-98E4-829FBD752728}.Ad-Hoc|x64.ActiveCfg = Release|x64
		{1218DB74-356A-4786-98E4-829FBD752728}.Ad-Hoc|x64.Build.0 = Release|x64
		{1218DB74-356A-4786-98E4-829FBD752728}.Ad-Hoc|x64.Deploy.0 = Release|x64
		{1218DB74-356A-4786-98E4-829FBD752728}.Ad-Hoc|x86.ActiveCfg = Release|x86
		{1218DB74-356A-4786-98E4-829FBD752728}.Ad-Hoc|x86.Build.0 = Release|x86
		{1218DB74-356A-4786-98E4-829FBD752728}.Ad-Hoc|x86.Deploy.0 = Release|x86
		{1218DB74-356A-4786-98E4-829FBD752728}.AppStore|Any CPU.ActiveCfg = Release|x86
		{1218DB74-356A-4786-98E4-829FBD752728}.AppStore|Any CPU.Build.0 = Release|x86
		{1218DB74-356A-4786-98E4-829FBD752728}.AppStore|Any CPU.Deploy.0 = Release|x86
		{1218DB74-356A-4786-98E4-829FBD752728}.AppStore|ARM.ActiveCfg = Release|ARM
		{1218DB74-356A-4786-98E4-829FBD752728}.AppStore|ARM.Build.0 = Release|ARM
		{1218DB74-356A-4786-98E4-829FBD752728}.AppStore|ARM.Deploy.0 = Release|ARM
		{1218DB74-356A-4786-98E4-829FBD752728}.AppStore|iPhone.ActiveCfg = Release|x86
		{1218DB74-356A-4786-98E4-829FBD752728}.AppStore|iPhone.Build.0 = Release|x86
		{1218DB74-356A-4786-98E4-829FBD752728}.AppStore|iPhone.Deploy.0 = Release|x86
		{1218DB74-356A-4786-98E4-829FBD752728}.AppStore|iPhoneSimulator.ActiveCfg = Release|x86
		{1218DB74-356A-4786-98E4-829FBD752728}.AppStore|iPhoneSimulator.Build.0 = Release|x86
		{1218DB74-356A-4786-98E4-829FBD752728}.AppStore|iPhoneSimulator.Deploy.0 = Release|x86
		{1218DB74-356A-4786-98E4-829FBD752728}.AppStore|x64.ActiveCfg = Release|x64
		{1218DB74-356A-4786-98E4-829FBD752728}.AppStore|x64.Build.0 = Release|x64
		{1218DB74-356A-4786-98E4-829FBD752728}.AppStore|x64.Deploy.0 = Release|x64
		{1218DB74-356A-4786-98E4-829FBD752728}.AppStore|x86.ActiveCfg = Release|x86
		{1218DB74-356A-4786-98E4-829FBD752728}.AppStore|x86.Build.0 = Release|x86
		{1218DB74-356A-4786-98E4-829FBD752728}.AppStore|x86.Deploy.0 = Release|x86
		{1218DB74-356A-4786-98E4-829FBD752728}.Debug|Any CPU.ActiveCfg = Debug|x86
		{1218DB74-356A-4786-98E4-829FBD752728}.Debug|ARM.ActiveCfg = Debug|ARM
		{1218DB74-356A-4786-98E4-829FBD752728}.Debug|ARM.Build.0 = Debug|ARM
		{1218DB74-356A-4786-98E4-829FBD752728}.Debug|ARM.Deploy.0 = Debug|ARM
		{1218DB74-356A-4786-98E4-829FBD752728}.Debug|iPhone.ActiveCfg = Debug|x86
		{1218DB74-356A-4786-98E4-829FBD752728}.Debug|iPhoneSimulator.ActiveCfg = Debug|x86
		{1218DB74-356A-4786-98E4-829FBD752728}.Debug|x64.ActiveCfg = Debug|x64
		{1218DB74-356A-4786-98E4-829FBD752728}.Debug|x64.Build.0 = Debug|x64
		{1218DB74-356A-4786-98E4-829FBD752728}.Debug|x64.Deploy.0 = Debug|x64
		{1218DB74-356A-4786-98E4-829FBD752728}.Debug|x86.ActiveCfg = Debug|x86
		{1218DB74-356A-4786-98E4-829FBD752728}.Debug|x86.Build.0 = Debug|x86
		{1218DB74-356A-4786-98E4-829FBD752728}.Debug|x86.Deploy.0 = Debug|x86
		{1218DB74-356A-4786-98E4-829FBD752728}.Release|Any CPU.ActiveCfg = Release|x86
		{1218DB74-356A-4786-98E4-829FBD752728}.Release|ARM.ActiveCfg = Release|ARM
		{1218DB74-356A-4786-98E4-829FBD752728}.Release|ARM.Build.0 = Release|ARM
		{1218DB74-356A-4786-98E4-829FBD752728}.Release|ARM.Deploy.0 = Release|ARM
		{1218DB74-356A-4786-98E4-829FBD752728}.Release|iPhone.ActiveCfg = Release|x86
		{1218DB74-356A-4786-98E4-829FBD752728}.Release|iPhoneSimulator.ActiveCfg = Release|x86
		{1218DB74-356A-4786-98E4-829FBD752728}.Release|x64.ActiveCfg = Release|x64
		{1218DB74-356A-4786-98E4-829FBD752728}.Release|x64.Build.0 = Release|x64
		{1218DB74-356A-4786-98E4-829FBD752728}.Release|x64.Deploy.0 = Release|x64
		{1218DB74-356A-4786-98E4-829FBD752728}.Release|x86.ActiveCfg = Release|x86
		{1218DB74-356A-4786-98E4-829FBD752728}.Release|x86.Build.0 = Release|x86
		{1218DB74-356A-4786-98E4-829FBD752728}.Release|x86.Deploy.0 = Release|x86
		{FF20B6CD-76C5-4D14-A5DA-C1BC68F9E724}.Ad-Hoc|Any CPU.ActiveCfg = Release|Any CPU
		{FF20B6CD-76C5-4D14-A5DA-C1BC68F9E724}.Ad-Hoc|Any CPU.Build.0 = Release|Any CPU
		{FF20B6CD-76C5-4D14-A5DA-C1BC68F9E724}.Ad-Hoc|Any CPU.Deploy.0 = Release|Any CPU
		{FF20B6CD-76C5-4D14-A5DA-C1BC68F9E724}.Ad-Hoc|ARM.ActiveCfg = Release|ARM
		{FF20B6CD-76C5-4D14-A5DA-C1BC68F9E724}.Ad-Hoc|ARM.Build.0 = Release|ARM
		{FF20B6CD-76C5-4D14-A5DA-C1BC68F9E724}.Ad-Hoc|ARM.Deploy.0 = Release|ARM
		{FF20B6CD-76C5-4D14-A5DA-C1BC68F9E724}.Ad-Hoc|iPhone.ActiveCfg = Release|Any CPU
		{FF20B6CD-76C5-4D14-A5DA-C1BC68F9E724}.Ad-Hoc|iPhone.Build.0 = Release|Any CPU
		{FF20B6CD-76C5-4D14-A5DA-C1BC68F9E724}.Ad-Hoc|iPhone.Deploy.0 = Release|Any CPU
		{FF20B6CD-76C5-4D14-A5DA-C1BC68F9E724}.Ad-Hoc|iPhoneSimulator.ActiveCfg = Release|Any CPU
		{FF20B6CD-76C5-4D14-A5DA-C1BC68F9E724}.Ad-Hoc|iPhoneSimulator.Build.0 = Release|Any CPU
		{FF20B6CD-76C5-4D14-A5DA-C1BC68F9E724}.Ad-Hoc|iPhoneSimulator.Deploy.0 = Release|Any CPU
		{FF20B6CD-76C5-4D14-A5DA-C1BC68F9E724}.Ad-Hoc|x64.ActiveCfg = Release|x64
		{FF20B6CD-76C5-4D14-A5DA-C1BC68F9E724}.Ad-Hoc|x64.Build.0 = Release|x64
		{FF20B6CD-76C5-4D14-A5DA-C1BC68F9E724}.Ad-Hoc|x64.Deploy.0 = Release|x64
		{FF20B6CD-76C5-4D14-A5DA-C1BC68F9E724}.Ad-Hoc|x86.ActiveCfg = Release|x86
		{FF20B6CD-76C5-4D14-A5DA-C1BC68F9E724}.Ad-Hoc|x86.Build.0 = Release|x86
		{FF20B6CD-76C5-4D14-A5DA-C1BC68F9E724}.Ad-Hoc|x86.Deploy.0 = Release|x86
		{FF20B6CD-76C5-4D14-A5DA-C1BC68F9E724}.AppStore|Any CPU.ActiveCfg = Release|Any CPU
		{FF20B6CD-76C5-4D14-A5DA-C1BC68F9E724}.AppStore|Any CPU.Build.0 = Release|Any CPU
		{FF20B6CD-76C5-4D14-A5DA-C1BC68F9E724}.AppStore|Any CPU.Deploy.0 = Release|Any CPU
		{FF20B6CD-76C5-4D14-A5DA-C1BC68F9E724}.AppStore|ARM.ActiveCfg = Release|ARM
		{FF20B6CD-76C5-4D14-A5DA-C1BC68F9E724}.AppStore|ARM.Build.0 = Release|ARM
		{FF20B6CD-76C5-4D14-A5DA-C1BC68F9E724}.AppStore|ARM.Deploy.0 = Release|ARM
		{FF20B6CD-76C5-4D14-A5DA-C1BC68F9E724}.AppStore|iPhone.ActiveCfg = Release|Any CPU
		{FF20B6CD-76C5-4D14-A5DA-C1BC68F9E724}.AppStore|iPhone.Build.0 = Release|Any CPU
		{FF20B6CD-76C5-4D14-A5DA-C1BC68F9E724}.AppStore|iPhone.Deploy.0 = Release|Any CPU
		{FF20B6CD-76C5-4D14-A5DA-C1BC68F9E724}.AppStore|iPhoneSimulator.ActiveCfg = Release|Any CPU
		{FF20B6CD-76C5-4D14-A5DA-C1BC68F9E724}.AppStore|iPhoneSimulator.Build.0 = Release|Any CPU
		{FF20B6CD-76C5-4D14-A5DA-C1BC68F9E724}.AppStore|iPhoneSimulator.Deploy.0 = Release|Any CPU
		{FF20B6CD-76C5-4D14-A5DA-C1BC68F9E724}.AppStore|x64.ActiveCfg = Release|x64
		{FF20B6CD-76C5-4D14-A5DA-C1BC68F9E724}.AppStore|x64.Build.0 = Release|x64
		{FF20B6CD-76C5-4D14-A5DA-C1BC68F9E724}.AppStore|x64.Deploy.0 = Release|x64
		{FF20B6CD-76C5-4D14-A5DA-C1BC68F9E724}.AppStore|x86.ActiveCfg = Release|x86
		{FF20B6CD-76C5-4D14-A5DA-C1BC68F9E724}.AppStore|x86.Build.0 = Release|x86
		{FF20B6CD-76C5-4D14-A5DA-C1BC68F9E724}.AppStore|x86.Deploy.0 = Release|x86
		{FF20B6CD-76C5-4D14-A5DA-C1BC68F9E724}.Debug|Any CPU.ActiveCfg = Debug|Any CPU
		{FF20B6CD-76C5-4D14-A5DA-C1BC68F9E724}.Debug|Any CPU.Build.0 = Debug|Any CPU
		{FF20B6CD-76C5-4D14-A5DA-C1BC68F9E724}.Debug|Any CPU.Deploy.0 = Debug|Any CPU
		{FF20B6CD-76C5-4D14-A5DA-C1BC68F9E724}.Debug|ARM.ActiveCfg = Debug|ARM
		{FF20B6CD-76C5-4D14-A5DA-C1BC68F9E724}.Debug|ARM.Build.0 = Debug|ARM
		{FF20B6CD-76C5-4D14-A5DA-C1BC68F9E724}.Debug|ARM.Deploy.0 = Debug|ARM
		{FF20B6CD-76C5-4D14-A5DA-C1BC68F9E724}.Debug|iPhone.ActiveCfg = Debug|Any CPU
		{FF20B6CD-76C5-4D14-A5DA-C1BC68F9E724}.Debug|iPhone.Build.0 = Debug|Any CPU
		{FF20B6CD-76C5-4D14-A5DA-C1BC68F9E724}.Debug|iPhone.Deploy.0 = Debug|Any CPU
		{FF20B6CD-76C5-4D14-A5DA-C1BC68F9E724}.Debug|iPhoneSimulator.ActiveCfg = Debug|Any CPU
		{FF20B6CD-76C5-4D14-A5DA-C1BC68F9E724}.Debug|iPhoneSimulator.Build.0 = Debug|Any CPU
		{FF20B6CD-76C5-4D14-A5DA-C1BC68F9E724}.Debug|iPhoneSimulator.Deploy.0 = Debug|Any CPU
		{FF20B6CD-76C5-4D14-A5DA-C1BC68F9E724}.Debug|x64.ActiveCfg = Debug|x64
		{FF20B6CD-76C5-4D14-A5DA-C1BC68F9E724}.Debug|x64.Build.0 = Debug|x64
		{FF20B6CD-76C5-4D14-A5DA-C1BC68F9E724}.Debug|x64.Deploy.0 = Debug|x64
		{FF20B6CD-76C5-4D14-A5DA-C1BC68F9E724}.Debug|x86.ActiveCfg = Debug|x86
		{FF20B6CD-76C5-4D14-A5DA-C1BC68F9E724}.Debug|x86.Build.0 = Debug|x86
		{FF20B6CD-76C5-4D14-A5DA-C1BC68F9E724}.Debug|x86.Deploy.0 = Debug|x86
		{FF20B6CD-76C5-4D14-A5DA-C1BC68F9E724}.Release|Any CPU.ActiveCfg = Release|Any CPU
		{FF20B6CD-76C5-4D14-A5DA-C1BC68F9E724}.Release|Any CPU.Build.0 = Release|Any CPU
		{FF20B6CD-76C5-4D14-A5DA-C1BC68F9E724}.Release|Any CPU.Deploy.0 = Release|Any CPU
		{FF20B6CD-76C5-4D14-A5DA-C1BC68F9E724}.Release|ARM.ActiveCfg = Release|ARM
		{FF20B6CD-76C5-4D14-A5DA-C1BC68F9E724}.Release|ARM.Build.0 = Release|ARM
		{FF20B6CD-76C5-4D14-A5DA-C1BC68F9E724}.Release|ARM.Deploy.0 = Release|ARM
		{FF20B6CD-76C5-4D14-A5DA-C1BC68F9E724}.Release|iPhone.ActiveCfg = Release|Any CPU
		{FF20B6CD-76C5-4D14-A5DA-C1BC68F9E724}.Release|iPhone.Build.0 = Release|Any CPU
		{FF20B6CD-76C5-4D14-A5DA-C1BC68F9E724}.Release|iPhone.Deploy.0 = Release|Any CPU
		{FF20B6CD-76C5-4D14-A5DA-C1BC68F9E724}.Release|iPhoneSimulator.ActiveCfg = Release|Any CPU
		{FF20B6CD-76C5-4D14-A5DA-C1BC68F9E724}.Release|iPhoneSimulator.Build.0 = Release|Any CPU
		{FF20B6CD-76C5-4D14-A5DA-C1BC68F9E724}.Release|iPhoneSimulator.Deploy.0 = Release|Any CPU
		{FF20B6CD-76C5-4D14-A5DA-C1BC68F9E724}.Release|x64.ActiveCfg = Release|x64
		{FF20B6CD-76C5-4D14-A5DA-C1BC68F9E724}.Release|x64.Build.0 = Release|x64
		{FF20B6CD-76C5-4D14-A5DA-C1BC68F9E724}.Release|x64.Deploy.0 = Release|x64
		{FF20B6CD-76C5-4D14-A5DA-C1BC68F9E724}.Release|x86.ActiveCfg = Release|x86
		{FF20B6CD-76C5-4D14-A5DA-C1BC68F9E724}.Release|x86.Build.0 = Release|x86
		{FF20B6CD-76C5-4D14-A5DA-C1BC68F9E724}.Release|x86.Deploy.0 = Release|x86
		{0DD0C9BF-0733-405C-8E6B-B6C37E833044}.Ad-Hoc|Any CPU.ActiveCfg = Release|Any CPU
		{0DD0C9BF-0733-405C-8E6B-B6C37E833044}.Ad-Hoc|Any CPU.Build.0 = Release|Any CPU
		{0DD0C9BF-0733-405C-8E6B-B6C37E833044}.Ad-Hoc|ARM.ActiveCfg = Release|Any CPU
		{0DD0C9BF-0733-405C-8E6B-B6C37E833044}.Ad-Hoc|ARM.Build.0 = Release|Any CPU
		{0DD0C9BF-0733-405C-8E6B-B6C37E833044}.Ad-Hoc|iPhone.ActiveCfg = Release|Any CPU
		{0DD0C9BF-0733-405C-8E6B-B6C37E833044}.Ad-Hoc|iPhone.Build.0 = Release|Any CPU
		{0DD0C9BF-0733-405C-8E6B-B6C37E833044}.Ad-Hoc|iPhoneSimulator.ActiveCfg = Release|Any CPU
		{0DD0C9BF-0733-405C-8E6B-B6C37E833044}.Ad-Hoc|iPhoneSimulator.Build.0 = Release|Any CPU
		{0DD0C9BF-0733-405C-8E6B-B6C37E833044}.Ad-Hoc|x64.ActiveCfg = Release|Any CPU
		{0DD0C9BF-0733-405C-8E6B-B6C37E833044}.Ad-Hoc|x64.Build.0 = Release|Any CPU
		{0DD0C9BF-0733-405C-8E6B-B6C37E833044}.Ad-Hoc|x86.ActiveCfg = Release|Any CPU
		{0DD0C9BF-0733-405C-8E6B-B6C37E833044}.Ad-Hoc|x86.Build.0 = Release|Any CPU
		{0DD0C9BF-0733-405C-8E6B-B6C37E833044}.AppStore|Any CPU.ActiveCfg = Release|Any CPU
		{0DD0C9BF-0733-405C-8E6B-B6C37E833044}.AppStore|Any CPU.Build.0 = Release|Any CPU
		{0DD0C9BF-0733-405C-8E6B-B6C37E833044}.AppStore|ARM.ActiveCfg = Release|Any CPU
		{0DD0C9BF-0733-405C-8E6B-B6C37E833044}.AppStore|ARM.Build.0 = Release|Any CPU
		{0DD0C9BF-0733-405C-8E6B-B6C37E833044}.AppStore|iPhone.ActiveCfg = Release|Any CPU
		{0DD0C9BF-0733-405C-8E6B-B6C37E833044}.AppStore|iPhone.Build.0 = Release|Any CPU
		{0DD0C9BF-0733-405C-8E6B-B6C37E833044}.AppStore|iPhoneSimulator.ActiveCfg = Release|Any CPU
		{0DD0C9BF-0733-405C-8E6B-B6C37E833044}.AppStore|iPhoneSimulator.Build.0 = Release|Any CPU
		{0DD0C9BF-0733-405C-8E6B-B6C37E833044}.AppStore|x64.ActiveCfg = Release|Any CPU
		{0DD0C9BF-0733-405C-8E6B-B6C37E833044}.AppStore|x64.Build.0 = Release|Any CPU
		{0DD0C9BF-0733-405C-8E6B-B6C37E833044}.AppStore|x86.ActiveCfg = Release|Any CPU
		{0DD0C9BF-0733-405C-8E6B-B6C37E833044}.AppStore|x86.Build.0 = Release|Any CPU
		{0DD0C9BF-0733-405C-8E6B-B6C37E833044}.Debug|Any CPU.ActiveCfg = Debug|Any CPU
		{0DD0C9BF-0733-405C-8E6B-B6C37E833044}.Debug|Any CPU.Build.0 = Debug|Any CPU
		{0DD0C9BF-0733-405C-8E6B-B6C37E833044}.Debug|ARM.ActiveCfg = Debug|Any CPU
		{0DD0C9BF-0733-405C-8E6B-B6C37E833044}.Debug|ARM.Build.0 = Debug|Any CPU
		{0DD0C9BF-0733-405C-8E6B-B6C37E833044}.Debug|iPhone.ActiveCfg = Debug|Any CPU
		{0DD0C9BF-0733-405C-8E6B-B6C37E833044}.Debug|iPhone.Build.0 = Debug|Any CPU
		{0DD0C9BF-0733-405C-8E6B-B6C37E833044}.Debug|iPhoneSimulator.ActiveCfg = Debug|Any CPU
		{0DD0C9BF-0733-405C-8E6B-B6C37E833044}.Debug|iPhoneSimulator.Build.0 = Debug|Any CPU
		{0DD0C9BF-0733-405C-8E6B-B6C37E833044}.Debug|x64.ActiveCfg = Debug|Any CPU
		{0DD0C9BF-0733-405C-8E6B-B6C37E833044}.Debug|x64.Build.0 = Debug|Any CPU
		{0DD0C9BF-0733-405C-8E6B-B6C37E833044}.Debug|x86.ActiveCfg = Debug|Any CPU
		{0DD0C9BF-0733-405C-8E6B-B6C37E833044}.Debug|x86.Build.0 = Debug|Any CPU
		{0DD0C9BF-0733-405C-8E6B-B6C37E833044}.Release|Any CPU.ActiveCfg = Release|Any CPU
		{0DD0C9BF-0733-405C-8E6B-B6C37E833044}.Release|Any CPU.Build.0 = Release|Any CPU
		{0DD0C9BF-0733-405C-8E6B-B6C37E833044}.Release|ARM.ActiveCfg = Release|Any CPU
		{0DD0C9BF-0733-405C-8E6B-B6C37E833044}.Release|ARM.Build.0 = Release|Any CPU
		{0DD0C9BF-0733-405C-8E6B-B6C37E833044}.Release|iPhone.ActiveCfg = Release|Any CPU
		{0DD0C9BF-0733-405C-8E6B-B6C37E833044}.Release|iPhone.Build.0 = Release|Any CPU
		{0DD0C9BF-0733-405C-8E6B-B6C37E833044}.Release|iPhoneSimulator.ActiveCfg = Release|Any CPU
		{0DD0C9BF-0733-405C-8E6B-B6C37E833044}.Release|iPhoneSimulator.Build.0 = Release|Any CPU
		{0DD0C9BF-0733-405C-8E6B-B6C37E833044}.Release|x64.ActiveCfg = Release|Any CPU
		{0DD0C9BF-0733-405C-8E6B-B6C37E833044}.Release|x64.Build.0 = Release|Any CPU
		{0DD0C9BF-0733-405C-8E6B-B6C37E833044}.Release|x86.ActiveCfg = Release|Any CPU
		{0DD0C9BF-0733-405C-8E6B-B6C37E833044}.Release|x86.Build.0 = Release|Any CPU
	EndGlobalSection
	GlobalSection(SolutionProperties) = preSolution
		HideSolutionNode = FALSE
	EndGlobalSection
EndGlobal
